
Microsoft Visual Studio Solution File, Format Version 12.00
# Visual Studio Version 17
VisualStudioVersion = 17.8.34408.163
MinimumVisualStudioVersion = 10.0.40219.1
Project("{FAE04EC0-301F-11D3-BF4B-00C04F79EFBC}") = "Actividad 12", "Actividad 12.csproj", "{5F89D249-04A2-4E95-A229-D61022F68A64}"
EndProject
Global
	GlobalSection(SolutionConfigurationPlatforms) = preSolution
		Debug|Any CPU = Debug|Any CPU
		Release|Any CPU = Release|Any CPU
	EndGlobalSection
	GlobalSection(ProjectConfigurationPlatforms) = postSolution
		{5F89D249-04A2-4E95-A229-D61022F68A64}.Debug|Any CPU.ActiveCfg = Debug|Any CPU
		{5F89D249-04A2-4E95-A229-D61022F68A64}.Debug|Any CPU.Build.0 = Debug|Any CPU
		{5F89D249-04A2-4E95-A229-D61022F68A64}.Release|Any CPU.ActiveCfg = Release|Any CPU
		{5F89D249-04A2-4E95-A229-D61022F68A64}.Release|Any CPU.Build.0 = Release|Any CPU
	EndGlobalSection
	GlobalSection(SolutionProperties) = preSolution
		HideSolutionNode = FALSE
	EndGlobalSection
	GlobalSection(ExtensibilityGlobals) = postSolution
		SolutionGuid = {60F61F45-C7E6-48CD-8224-998B8D68F044}
	EndGlobalSection
EndGlobal
